// !$*UTF8*$!
{
	archiveVersion = 1;
	classes = {
	};
	objectVersion = 70;
	objects = {

/* Begin PBXBuildFile section */
		BF11EF652C57685D00CF5E88 /* ContentView.swift in Sources */ = {isa = PBXBuildFile; fileRef = BF11EF622C57685D00CF5E88 /* ContentView.swift */; };
		BF11EF662C57685D00CF5E88 /* HelloReduxApp.swift in Sources */ = {isa = PBXBuildFile; fileRef = BF11EF632C57685D00CF5E88 /* HelloReduxApp.swift */; };
		BF11EF682C57685D00CF5E88 /* Assets.xcassets in Resources */ = {isa = PBXBuildFile; fileRef = BF11EF612C57685D00CF5E88 /* Assets.xcassets */; };
		BF11EF6B2C57686F00CF5E88 /* Store.swift in Sources */ = {isa = PBXBuildFile; fileRef = BF11EF6A2C57686F00CF5E88 /* Store.swift */; };
		BF11EF6F2C576AB100CF5E88 /* Preview Assets.xcassets in Resources */ = {isa = PBXBuildFile; fileRef = BF11EF6C2C576AB100CF5E88 /* Preview Assets.xcassets */; };
		BF11EF722C5783C000CF5E88 /* CounterReducer.swift in Sources */ = {isa = PBXBuildFile; fileRef = BF11EF712C5783C000CF5E88 /* CounterReducer.swift */; };
		BF19EFF92C5A127E00FEC193 /* CounterState.swift in Sources */ = {isa = PBXBuildFile; fileRef = BF19EFF82C5A127E00FEC193 /* CounterState.swift */; };
		BF19EFFB2C5A12FC00FEC193 /* Action.swift in Sources */ = {isa = PBXBuildFile; fileRef = BF19EFFA2C5A12FC00FEC193 /* Action.swift */; };
		BF19EFFD2C5A149300FEC193 /* AppReducer.swift in Sources */ = {isa = PBXBuildFile; fileRef = BF19EFFC2C5A149300FEC193 /* AppReducer.swift */; };
		BF287D1C2C69FF3A003E02BB /* LogMiddleware.swift in Sources */ = {isa = PBXBuildFile; fileRef = BF287D1B2C69FF3A003E02BB /* LogMiddleware.swift */; };
		BF287D242C6A0066003E02BB /* IncrementMiddleware.swift in Sources */ = {isa = PBXBuildFile; fileRef = BF287D232C6A0066003E02BB /* IncrementMiddleware.swift */; };
		BFDD98202C5B6B5100D49CCF /* AddTaskView.swift in Sources */ = {isa = PBXBuildFile; fileRef = BFDD981F2C5B6B5100D49CCF /* AddTaskView.swift */; };
/* End PBXBuildFile section */

/* Begin PBXContainerItemProxy section */
		BF11EF402C57658900CF5E88 /* PBXContainerItemProxy */ = {
			isa = PBXContainerItemProxy;
			containerPortal = BF11EF272C57658800CF5E88 /* Project object */;
			proxyType = 1;
			remoteGlobalIDString = BF11EF2E2C57658800CF5E88;
			remoteInfo = HelloRedux;
		};
		BF11EF4A2C57658900CF5E88 /* PBXContainerItemProxy */ = {
			isa = PBXContainerItemProxy;
			containerPortal = BF11EF272C57658800CF5E88 /* Project object */;
			proxyType = 1;
			remoteGlobalIDString = BF11EF2E2C57658800CF5E88;
			remoteInfo = HelloRedux;
		};
/* End PBXContainerItemProxy section */

/* Begin PBXFileReference section */
		BF11EF2F2C57658800CF5E88 /* HelloRedux.app */ = {isa = PBXFileReference; explicitFileType = wrapper.application; includeInIndex = 0; path = HelloRedux.app; sourceTree = BUILT_PRODUCTS_DIR; };
		BF11EF3F2C57658900CF5E88 /* HelloReduxTests.xctest */ = {isa = PBXFileReference; explicitFileType = wrapper.cfbundle; includeInIndex = 0; path = HelloReduxTests.xctest; sourceTree = BUILT_PRODUCTS_DIR; };
		BF11EF492C57658900CF5E88 /* HelloReduxUITests.xctest */ = {isa = PBXFileReference; explicitFileType = wrapper.cfbundle; includeInIndex = 0; path = HelloReduxUITests.xctest; sourceTree = BUILT_PRODUCTS_DIR; };
		BF11EF612C57685D00CF5E88 /* Assets.xcassets */ = {isa = PBXFileReference; lastKnownFileType = folder.assetcatalog; path = Assets.xcassets; sourceTree = "<group>"; };
		BF11EF622C57685D00CF5E88 /* ContentView.swift */ = {isa = PBXFileReference; lastKnownFileType = sourcecode.swift; path = ContentView.swift; sourceTree = "<group>"; };
		BF11EF632C57685D00CF5E88 /* HelloReduxApp.swift */ = {isa = PBXFileReference; lastKnownFileType = sourcecode.swift; path = HelloReduxApp.swift; sourceTree = "<group>"; };
		BF11EF6A2C57686F00CF5E88 /* Store.swift */ = {isa = PBXFileReference; lastKnownFileType = sourcecode.swift; path = Store.swift; sourceTree = "<group>"; };
		BF11EF6C2C576AB100CF5E88 /* Preview Assets.xcassets */ = {isa = PBXFileReference; lastKnownFileType = folder.assetcatalog; path = "Preview Assets.xcassets"; sourceTree = "<group>"; };
		BF11EF712C5783C000CF5E88 /* CounterReducer.swift */ = {isa = PBXFileReference; lastKnownFileType = sourcecode.swift; path = CounterReducer.swift; sourceTree = "<group>"; };
		BF19EFF82C5A127E00FEC193 /* CounterState.swift */ = {isa = PBXFileReference; lastKnownFileType = sourcecode.swift; path = CounterState.swift; sourceTree = "<group>"; };
		BF19EFFA2C5A12FC00FEC193 /* Action.swift */ = {isa = PBXFileReference; lastKnownFileType = sourcecode.swift; path = Action.swift; sourceTree = "<group>"; };
		BF19EFFC2C5A149300FEC193 /* AppReducer.swift */ = {isa = PBXFileReference; lastKnownFileType = sourcecode.swift; path = AppReducer.swift; sourceTree = "<group>"; };
		BF287D1B2C69FF3A003E02BB /* LogMiddleware.swift */ = {isa = PBXFileReference; lastKnownFileType = sourcecode.swift; path = LogMiddleware.swift; sourceTree = "<group>"; };
		BF287D232C6A0066003E02BB /* IncrementMiddleware.swift */ = {isa = PBXFileReference; lastKnownFileType = sourcecode.swift; path = IncrementMiddleware.swift; sourceTree = "<group>"; };
		BFDD981F2C5B6B5100D49CCF /* AddTaskView.swift */ = {isa = PBXFileReference; lastKnownFileType = sourcecode.swift; path = AddTaskView.swift; sourceTree = "<group>"; };
/* End PBXFileReference section */

/* Begin PBXFileSystemSynchronizedRootGroup section */
		BF11EF422C57658900CF5E88 /* HelloReduxTests */ = {isa = PBXFileSystemSynchronizedRootGroup; explicitFileTypes = {}; explicitFolders = (); path = HelloReduxTests; sourceTree = "<group>"; };
		BF11EF4C2C57658900CF5E88 /* HelloReduxUITests */ = {isa = PBXFileSystemSynchronizedRootGroup; explicitFileTypes = {}; explicitFolders = (); path = HelloReduxUITests; sourceTree = "<group>"; };
/* End PBXFileSystemSynchronizedRootGroup section */

/* Begin PBXFrameworksBuildPhase section */
		BF11EF2C2C57658800CF5E88 /* Frameworks */ = {
			isa = PBXFrameworksBuildPhase;
			buildActionMask = 2147483647;
			files = (
			);
			runOnlyForDeploymentPostprocessing = 0;
		};
		BF11EF3C2C57658900CF5E88 /* Frameworks */ = {
			isa = PBXFrameworksBuildPhase;
			buildActionMask = 2147483647;
			files = (
			);
			runOnlyForDeploymentPostprocessing = 0;
		};
		BF11EF462C57658900CF5E88 /* Frameworks */ = {
			isa = PBXFrameworksBuildPhase;
			buildActionMask = 2147483647;
			files = (
			);
			runOnlyForDeploymentPostprocessing = 0;
		};
/* End PBXFrameworksBuildPhase section */

/* Begin PBXGroup section */
		BF11EF262C57658800CF5E88 = {
			isa = PBXGroup;
			children = (
				BF11EF642C57685D00CF5E88 /* Shared */,
				BF11EF6E2C576AB100CF5E88 /* HelloRedux */,
				BF11EF422C57658900CF5E88 /* HelloReduxTests */,
				BF11EF4C2C57658900CF5E88 /* HelloReduxUITests */,
				BF11EF302C57658800CF5E88 /* Products */,
			);
			sourceTree = "<group>";
		};
		BF11EF302C57658800CF5E88 /* Products */ = {
			isa = PBXGroup;
			children = (
				BF11EF2F2C57658800CF5E88 /* HelloRedux.app */,
				BF11EF3F2C57658900CF5E88 /* HelloReduxTests.xctest */,
				BF11EF492C57658900CF5E88 /* HelloReduxUITests.xctest */,
			);
			name = Products;
			sourceTree = "<group>";
		};
		BF11EF642C57685D00CF5E88 /* Shared */ = {
			isa = PBXGroup;
			children = (
				BF15AFC82D003DD000217B0E /* View */,
				BF11EF692C57686500CF5E88 /* Redux */,
				BF11EF612C57685D00CF5E88 /* Assets.xcassets */,
			);
			path = Shared;
			sourceTree = "<group>";
		};
		BF11EF692C57686500CF5E88 /* Redux */ = {
			isa = PBXGroup;
			children = (
				BF287D1A2C69FF21003E02BB /* MiddleWares */,
				BF19F0002C5A1DF500FEC193 /* State */,
				BF19EFFF2C5A1DEB00FEC193 /* Action */,
				BF19EFFE2C5A1DE300FEC193 /* Store */,
				BF11EF702C5783AB00CF5E88 /* Reducers */,
			);
			path = Redux;
			sourceTree = "<group>";
		};
		BF11EF6D2C576AB100CF5E88 /* Preview Content */ = {
			isa = PBXGroup;
			children = (
				BF11EF6C2C576AB100CF5E88 /* Preview Assets.xcassets */,
			);
			path = "Preview Content";
			sourceTree = "<group>";
		};
		BF11EF6E2C576AB100CF5E88 /* HelloRedux */ = {
			isa = PBXGroup;
			children = (
				BF11EF6D2C576AB100CF5E88 /* Preview Content */,
			);
			path = HelloRedux;
			sourceTree = "<group>";
		};
		BF11EF702C5783AB00CF5E88 /* Reducers */ = {
			isa = PBXGroup;
			children = (
				BF19EFFC2C5A149300FEC193 /* AppReducer.swift */,
				BF11EF712C5783C000CF5E88 /* CounterReducer.swift */,
			);
			path = Reducers;
			sourceTree = "<group>";
		};
		BF15AFC82D003DD000217B0E /* View */ = {
			isa = PBXGroup;
			children = (
				BF11EF632C57685D00CF5E88 /* HelloReduxApp.swift */,
				BF11EF622C57685D00CF5E88 /* ContentView.swift */,
				BFDD981F2C5B6B5100D49CCF /* AddTaskView.swift */,
			);
			path = View;
			sourceTree = "<group>";
		};
		BF19EFFE2C5A1DE300FEC193 /* Store */ = {
			isa = PBXGroup;
			children = (
				BF11EF6A2C57686F00CF5E88 /* Store.swift */,
			);
			path = Store;
			sourceTree = "<group>";
		};
		BF19EFFF2C5A1DEB00FEC193 /* Action */ = {
			isa = PBXGroup;
			children = (
				BF19EFFA2C5A12FC00FEC193 /* Action.swift */,
			);
			path = Action;
			sourceTree = "<group>";
		};
		BF19F0002C5A1DF500FEC193 /* State */ = {
			isa = PBXGroup;
			children = (
				BF19EFF82C5A127E00FEC193 /* CounterState.swift */,
			);
			path = State;
			sourceTree = "<group>";
		};
		BF287D1A2C69FF21003E02BB /* MiddleWares */ = {
			isa = PBXGroup;
			children = (
				BF287D1B2C69FF3A003E02BB /* LogMiddleware.swift */,
				BF287D232C6A0066003E02BB /* IncrementMiddleware.swift */,
			);
			path = MiddleWares;
			sourceTree = "<group>";
		};
/* End PBXGroup section */

/* Begin PBXNativeTarget section */
		BF11EF2E2C57658800CF5E88 /* HelloRedux */ = {
			isa = PBXNativeTarget;
			buildConfigurationList = BF11EF532C57658900CF5E88 /* Build configuration list for PBXNativeTarget "HelloRedux" */;
			buildPhases = (
				BF11EF2B2C57658800CF5E88 /* Sources */,
				BF11EF2C2C57658800CF5E88 /* Frameworks */,
				BF11EF2D2C57658800CF5E88 /* Resources */,
			);
			buildRules = (
			);
			dependencies = (
			);
			name = HelloRedux;
			packageProductDependencies = (
			);
			productName = HelloRedux;
			productReference = BF11EF2F2C57658800CF5E88 /* HelloRedux.app */;
			productType = "com.apple.product-type.application";
		};
		BF11EF3E2C57658900CF5E88 /* HelloReduxTests */ = {
			isa = PBXNativeTarget;
			buildConfigurationList = BF11EF562C57658900CF5E88 /* Build configuration list for PBXNativeTarget "HelloReduxTests" */;
			buildPhases = (
				BF11EF3B2C57658900CF5E88 /* Sources */,
				BF11EF3C2C57658900CF5E88 /* Frameworks */,
				BF11EF3D2C57658900CF5E88 /* Resources */,
			);
			buildRules = (
			);
			dependencies = (
				BF11EF412C57658900CF5E88 /* PBXTargetDependency */,
			);
			fileSystemSynchronizedGroups = (
				BF11EF422C57658900CF5E88 /* HelloReduxTests */,
			);
			name = HelloReduxTests;
			packageProductDependencies = (
			);
			productName = HelloReduxTests;
			productReference = BF11EF3F2C57658900CF5E88 /* HelloReduxTests.xctest */;
			productType = "com.apple.product-type.bundle.unit-test";
		};
		BF11EF482C57658900CF5E88 /* HelloReduxUITests */ = {
			isa = PBXNativeTarget;
			buildConfigurationList = BF11EF592C57658900CF5E88 /* Build configuration list for PBXNativeTarget "HelloReduxUITests" */;
			buildPhases = (
				BF11EF452C57658900CF5E88 /* Sources */,
				BF11EF462C57658900CF5E88 /* Frameworks */,
				BF11EF472C57658900CF5E88 /* Resources */,
			);
			buildRules = (
			);
			dependencies = (
				BF11EF4B2C57658900CF5E88 /* PBXTargetDependency */,
			);
			fileSystemSynchronizedGroups = (
				BF11EF4C2C57658900CF5E88 /* HelloReduxUITests */,
			);
			name = HelloReduxUITests;
			packageProductDependencies = (
			);
			productName = HelloReduxUITests;
			productReference = BF11EF492C57658900CF5E88 /* HelloReduxUITests.xctest */;
			productType = "com.apple.product-type.bundle.ui-testing";
		};
/* End PBXNativeTarget section */

/* Begin PBXProject section */
		BF11EF272C57658800CF5E88 /* Project object */ = {
			isa = PBXProject;
			attributes = {
				BuildIndependentTargetsInParallel = 1;
				LastSwiftUpdateCheck = 1600;
				LastUpgradeCheck = 1600;
				TargetAttributes = {
					BF11EF2E2C57658800CF5E88 = {
						CreatedOnToolsVersion = 16.0;
					};
					BF11EF3E2C57658900CF5E88 = {
						CreatedOnToolsVersion = 16.0;
						TestTargetID = BF11EF2E2C57658800CF5E88;
					};
					BF11EF482C57658900CF5E88 = {
						CreatedOnToolsVersion = 16.0;
						TestTargetID = BF11EF2E2C57658800CF5E88;
					};
				};
			};
			buildConfigurationList = BF11EF2A2C57658800CF5E88 /* Build configuration list for PBXProject "HelloRedux" */;
			compatibilityVersion = "Xcode 15.0";
			developmentRegion = en;
			hasScannedForEncodings = 0;
			knownRegions = (
				en,
				Base,
			);
			mainGroup = BF11EF262C57658800CF5E88;
			productRefGroup = BF11EF302C57658800CF5E88 /* Products */;
			projectDirPath = "";
			projectRoot = "";
			targets = (
				BF11EF2E2C57658800CF5E88 /* HelloRedux */,
				BF11EF3E2C57658900CF5E88 /* HelloReduxTests */,
				BF11EF482C57658900CF5E88 /* HelloReduxUITests */,
			);
		};
/* End PBXProject section */

/* Begin PBXResourcesBuildPhase section */
		BF11EF2D2C57658800CF5E88 /* Resources */ = {
			isa = PBXResourcesBuildPhase;
			buildActionMask = 2147483647;
			files = (
				BF11EF6F2C576AB100CF5E88 /* Preview Assets.xcassets in Resources */,
				BF11EF682C57685D00CF5E88 /* Assets.xcassets in Resources */,
			);
			runOnlyForDeploymentPostprocessing = 0;
		};
		BF11EF3D2C57658900CF5E88 /* Resources */ = {
			isa = PBXResourcesBuildPhase;
			buildActionMask = 2147483647;
			files = (
			);
			runOnlyForDeploymentPostprocessing = 0;
		};
		BF11EF472C57658900CF5E88 /* Resources */ = {
			isa = PBXResourcesBuildPhase;
			buildActionMask = 2147483647;
			files = (
			);
			runOnlyForDeploymentPostprocessing = 0;
		};
/* End PBXResourcesBuildPhase section */

/* Begin PBXSourcesBuildPhase section */
		BF11EF2B2C57658800CF5E88 /* Sources */ = {
			isa = PBXSourcesBuildPhase;
			buildActionMask = 2147483647;
			files = (
				BF11EF652C57685D00CF5E88 /* ContentView.swift in Sources */,
				BF19EFFB2C5A12FC00FEC193 /* Action.swift in Sources */,
				BF19EFFD2C5A149300FEC193 /* AppReducer.swift in Sources */,
				BFDD98202C5B6B5100D49CCF /* AddTaskView.swift in Sources */,
				BF11EF722C5783C000CF5E88 /* CounterReducer.swift in Sources */,
				BF287D242C6A0066003E02BB /* IncrementMiddleware.swift in Sources */,
				BF11EF662C57685D00CF5E88 /* HelloReduxApp.swift in Sources */,
				BF19EFF92C5A127E00FEC193 /* CounterState.swift in Sources */,
				BF11EF6B2C57686F00CF5E88 /* Store.swift in Sources */,
				BF287D1C2C69FF3A003E02BB /* LogMiddleware.swift in Sources */,
			);
			runOnlyForDeploymentPostprocessing = 0;
		};
		BF11EF3B2C57658900CF5E88 /* Sources */ = {
			isa = PBXSourcesBuildPhase;
			buildActionMask = 2147483647;
			files = (
			);
			runOnlyForDeploymentPostprocessing = 0;
		};
		BF11EF452C57658900CF5E88 /* Sources */ = {
			isa = PBXSourcesBuildPhase;
			buildActionMask = 2147483647;
			files = (
			);
			runOnlyForDeploymentPostprocessing = 0;
		};
/* End PBXSourcesBuildPhase section */

/* Begin PBXTargetDependency section */
		BF11EF412C57658900CF5E88 /* PBXTargetDependency */ = {
			isa = PBXTargetDependency;
			target = BF11EF2E2C57658800CF5E88 /* HelloRedux */;
			targetProxy = BF11EF402C57658900CF5E88 /* PBXContainerItemProxy */;
		};
		BF11EF4B2C57658900CF5E88 /* PBXTargetDependency */ = {
			isa = PBXTargetDependency;
			target = BF11EF2E2C57658800CF5E88 /* HelloRedux */;
			targetProxy = BF11EF4A2C57658900CF5E88 /* PBXContainerItemProxy */;
		};
/* End PBXTargetDependency section */

/* Begin XCBuildConfiguration section */
		BF11EF512C57658900CF5E88 /* Debug */ = {
			isa = XCBuildConfiguration;
			buildSettings = {
				ALWAYS_SEARCH_USER_PATHS = NO;
				ASSETCATALOG_COMPILER_GENERATE_SWIFT_ASSET_SYMBOL_EXTENSIONS = YES;
				CLANG_ANALYZER_NONNULL = YES;
				CLANG_ANALYZER_NUMBER_OBJECT_CONVERSION = YES_AGGRESSIVE;
				CLANG_CXX_LANGUAGE_STANDARD = "gnu++20";
				CLANG_ENABLE_MODULES = YES;
				CLANG_ENABLE_OBJC_ARC = YES;
				CLANG_ENABLE_OBJC_WEAK = YES;
				CLANG_WARN_BLOCK_CAPTURE_AUTORELEASING = YES;
				CLANG_WARN_BOOL_CONVERSION = YES;
				CLANG_WARN_COMMA = YES;
				CLANG_WARN_CONSTANT_CONVERSION = YES;
				CLANG_WARN_DEPRECATED_OBJC_IMPLEMENTATIONS = YES;
				CLANG_WARN_DIRECT_OBJC_ISA_USAGE = YES_ERROR;
				CLANG_WARN_DOCUMENTATION_COMMENTS = YES;
				CLANG_WARN_EMPTY_BODY = YES;
				CLANG_WARN_ENUM_CONVERSION = YES;
				CLANG_WARN_INFINITE_RECURSION = YES;
				CLANG_WARN_INT_CONVERSION = YES;
				CLANG_WARN_NON_LITERAL_NULL_CONVERSION = YES;
				CLANG_WARN_OBJC_IMPLICIT_RETAIN_SELF = YES;
				CLANG_WARN_OBJC_LITERAL_CONVERSION = YES;
				CLANG_WARN_OBJC_ROOT_CLASS = YES_ERROR;
				CLANG_WARN_QUOTED_INCLUDE_IN_FRAMEWORK_HEADER = YES;
				CLANG_WARN_RANGE_LOOP_ANALYSIS = YES;
				CLANG_WARN_STRICT_PROTOTYPES = YES;
				CLANG_WARN_SUSPICIOUS_MOVE = YES;
				CLANG_WARN_UNGUARDED_AVAILABILITY = YES_AGGRESSIVE;
				CLANG_WARN_UNREACHABLE_CODE = YES;
				CLANG_WARN__DUPLICATE_METHOD_MATCH = YES;
				COPY_PHASE_STRIP = NO;
				DEBUG_INFORMATION_FORMAT = dwarf;
				ENABLE_STRICT_OBJC_MSGSEND = YES;
				ENABLE_TESTABILITY = YES;
				ENABLE_USER_SCRIPT_SANDBOXING = YES;
				GCC_C_LANGUAGE_STANDARD = gnu17;
				GCC_DYNAMIC_NO_PIC = NO;
				GCC_NO_COMMON_BLOCKS = YES;
				GCC_OPTIMIZATION_LEVEL = 0;
				GCC_PREPROCESSOR_DEFINITIONS = (
					"DEBUG=1",
					"$(inherited)",
				);
				GCC_WARN_64_TO_32_BIT_CONVERSION = YES;
				GCC_WARN_ABOUT_RETURN_TYPE = YES_ERROR;
				GCC_WARN_UNDECLARED_SELECTOR = YES;
				GCC_WARN_UNINITIALIZED_AUTOS = YES_AGGRESSIVE;
				GCC_WARN_UNUSED_FUNCTION = YES;
				GCC_WARN_UNUSED_VARIABLE = YES;
				IPHONEOS_DEPLOYMENT_TARGET = 18.0;
				LOCALIZATION_PREFERS_STRING_CATALOGS = YES;
				MTL_ENABLE_DEBUG_INFO = INCLUDE_SOURCE;
				MTL_FAST_MATH = YES;
				ONLY_ACTIVE_ARCH = YES;
				SDKROOT = iphoneos;
				SWIFT_ACTIVE_COMPILATION_CONDITIONS = "DEBUG $(inherited)";
				SWIFT_OPTIMIZATION_LEVEL = "-Onone";
			};
			name = Debug;
		};
		BF11EF522C57658900CF5E88 /* Release */ = {
			isa = XCBuildConfiguration;
			buildSettings = {
				ALWAYS_SEARCH_USER_PATHS = NO;
				ASSETCATALOG_COMPILER_GENERATE_SWIFT_ASSET_SYMBOL_EXTENSIONS = YES;
				CLANG_ANALYZER_NONNULL = YES;
				CLANG_ANALYZER_NUMBER_OBJECT_CONVERSION = YES_AGGRESSIVE;
				CLANG_CXX_LANGUAGE_STANDARD = "gnu++20";
				CLANG_ENABLE_MODULES = YES;
				CLANG_ENABLE_OBJC_ARC = YES;
				CLANG_ENABLE_OBJC_WEAK = YES;
				CLANG_WARN_BLOCK_CAPTURE_AUTORELEASING = YES;
				CLANG_WARN_BOOL_CONVERSION = YES;
				CLANG_WARN_COMMA = YES;
				CLANG_WARN_CONSTANT_CONVERSION = YES;
				CLANG_WARN_DEPRECATED_OBJC_IMPLEMENTATIONS = YES;
				CLANG_WARN_DIRECT_OBJC_ISA_USAGE = YES_ERROR;
				CLANG_WARN_DOCUMENTATION_COMMENTS = YES;
				CLANG_WARN_EMPTY_BODY = YES;
				CLANG_WARN_ENUM_CONVERSION = YES;
				CLANG_WARN_INFINITE_RECURSION = YES;
				CLANG_WARN_INT_CONVERSION = YES;
				CLANG_WARN_NON_LITERAL_NULL_CONVERSION = YES;
				CLANG_WARN_OBJC_IMPLICIT_RETAIN_SELF = YES;
				CLANG_WARN_OBJC_LITERAL_CONVERSION = YES;
				CLANG_WARN_OBJC_ROOT_CLASS = YES_ERROR;
				CLANG_WARN_QUOTED_INCLUDE_IN_FRAMEWORK_HEADER = YES;
				CLANG_WARN_RANGE_LOOP_ANALYSIS = YES;
				CLANG_WARN_STRICT_PROTOTYPES = YES;
				CLANG_WARN_SUSPICIOUS_MOVE = YES;
				CLANG_WARN_UNGUARDED_AVAILABILITY = YES_AGGRESSIVE;
				CLANG_WARN_UNREACHABLE_CODE = YES;
				CLANG_WARN__DUPLICATE_METHOD_MATCH = YES;
				COPY_PHASE_STRIP = NO;
				DEBUG_INFORMATION_FORMAT = "dwarf-with-dsym";
				ENABLE_NS_ASSERTIONS = NO;
				ENABLE_STRICT_OBJC_MSGSEND = YES;
				ENABLE_USER_SCRIPT_SANDBOXING = YES;
				GCC_C_LANGUAGE_STANDARD = gnu17;
				GCC_NO_COMMON_BLOCKS = YES;
				GCC_WARN_64_TO_32_BIT_CONVERSION = YES;
				GCC_WARN_ABOUT_RETURN_TYPE = YES_ERROR;
				GCC_WARN_UNDECLARED_SELECTOR = YES;
				GCC_WARN_UNINITIALIZED_AUTOS = YES_AGGRESSIVE;
				GCC_WARN_UNUSED_FUNCTION = YES;
				GCC_WARN_UNUSED_VARIABLE = YES;
				IPHONEOS_DEPLOYMENT_TARGET = 18.0;
				LOCALIZATION_PREFERS_STRING_CATALOGS = YES;
				MTL_ENABLE_DEBUG_INFO = NO;
				MTL_FAST_MATH = YES;
				SDKROOT = iphoneos;
				SWIFT_COMPILATION_MODE = wholemodule;
				VALIDATE_PRODUCT = YES;
			};
			name = Release;
		};
		BF11EF542C57658900CF5E88 /* Debug */ = {
			isa = XCBuildConfiguration;
			buildSettings = {
				ASSETCATALOG_COMPILER_APPICON_NAME = AppIcon;
				ASSETCATALOG_COMPILER_GLOBAL_ACCENT_COLOR_NAME = AccentColor;
				CODE_SIGN_STYLE = Automatic;
				CURRENT_PROJECT_VERSION = 1;
				DEVELOPMENT_ASSET_PATHS = "\"HelloRedux/Preview Content\"";
				ENABLE_PREVIEWS = YES;
				GENERATE_INFOPLIST_FILE = YES;
				INFOPLIST_KEY_UIApplicationSceneManifest_Generation = YES;
				INFOPLIST_KEY_UIApplicationSupportsIndirectInputEvents = YES;
				INFOPLIST_KEY_UILaunchScreen_Generation = YES;
				INFOPLIST_KEY_UISupportedInterfaceOrientations_iPad = "UIInterfaceOrientationPortrait UIInterfaceOrientationPortraitUpsideDown UIInterfaceOrientationLandscapeLeft UIInterfaceOrientationLandscapeRight";
				INFOPLIST_KEY_UISupportedInterfaceOrientations_iPhone = "UIInterfaceOrientationPortrait UIInterfaceOrientationLandscapeLeft UIInterfaceOrientationLandscapeRight";
				LD_RUNPATH_SEARCH_PATHS = (
					"$(inherited)",
					"@executable_path/Frameworks",
				);
				MARKETING_VERSION = 1.0;
				PRODUCT_BUNDLE_IDENTIFIER = YuanCao.HelloRedux;
				PRODUCT_NAME = "$(TARGET_NAME)";
				SWIFT_EMIT_LOC_STRINGS = YES;
				SWIFT_VERSION = 5.0;
				TARGETED_DEVICE_FAMILY = "1,2";
			};
			name = Debug;
		};
		BF11EF552C57658900CF5E88 /* Release */ = {
			isa = XCBuildConfiguration;
			buildSettings = {
				ASSETCATALOG_COMPILER_APPICON_NAME = AppIcon;
				ASSETCATALOG_COMPILER_GLOBAL_ACCENT_COLOR_NAME = AccentColor;
				CODE_SIGN_STYLE = Automatic;
				CURRENT_PROJECT_VERSION = 1;
				DEVELOPMENT_ASSET_PATHS = "\"HelloRedux/Preview Content\"";
				ENABLE_PREVIEWS = YES;
				GENERATE_INFOPLIST_FILE = YES;
				INFOPLIST_KEY_UIApplicationSceneManifest_Generation = YES;
				INFOPLIST_KEY_UIApplicationSupportsIndirectInputEvents = YES;
				INFOPLIST_KEY_UILaunchScreen_Generation = YES;
				INFOPLIST_KEY_UISupportedInterfaceOrientations_iPad = "UIInterfaceOrientationPortrait UIInterfaceOrientationPortraitUpsideDown UIInterfaceOrientationLandscapeLeft UIInterfaceOrientationLandscapeRight";
				INFOPLIST_KEY_UISupportedInterfaceOrientations_iPhone = "UIInterfaceOrientationPortrait UIInterfaceOrientationLandscapeLeft UIInterfaceOrientationLandscapeRight";
				LD_RUNPATH_SEARCH_PATHS = (
					"$(inherited)",
					"@executable_path/Frameworks",
				);
				MARKETING_VERSION = 1.0;
				PRODUCT_BUNDLE_IDENTIFIER = YuanCao.HelloRedux;
				PRODUCT_NAME = "$(TARGET_NAME)";
				SWIFT_EMIT_LOC_STRINGS = YES;
				SWIFT_VERSION = 5.0;
				TARGETED_DEVICE_FAMILY = "1,2";
			};
			name = Release;
		};
		BF11EF572C57658900CF5E88 /* Debug */ = {
			isa = XCBuildConfiguration;
			buildSettings = {
				BUNDLE_LOADER = "$(TEST_HOST)";
				CODE_SIGN_STYLE = Automatic;
				CURRENT_PROJECT_VERSION = 1;
				GENERATE_INFOPLIST_FILE = YES;
				IPHONEOS_DEPLOYMENT_TARGET = 18.0;
				MARKETING_VERSION = 1.0;
				PRODUCT_BUNDLE_IDENTIFIER = YuanCao.HelloReduxTests;
				PRODUCT_NAME = "$(TARGET_NAME)";
				SWIFT_EMIT_LOC_STRINGS = NO;
				SWIFT_VERSION = 5.0;
				TARGETED_DEVICE_FAMILY = "1,2";
				TEST_HOST = "$(BUILT_PRODUCTS_DIR)/HelloRedux.app/$(BUNDLE_EXECUTABLE_FOLDER_PATH)/HelloRedux";
			};
			name = Debug;
		};
		BF11EF582C57658900CF5E88 /* Release */ = {
			isa = XCBuildConfiguration;
			buildSettings = {
				BUNDLE_LOADER = "$(TEST_HOST)";
				CODE_SIGN_STYLE = Automatic;
				CURRENT_PROJECT_VERSION = 1;
				GENERATE_INFOPLIST_FILE = YES;
				IPHONEOS_DEPLOYMENT_TARGET = 18.0;
				MARKETING_VERSION = 1.0;
				PRODUCT_BUNDLE_IDENTIFIER = YuanCao.HelloReduxTests;
				PRODUCT_NAME = "$(TARGET_NAME)";
				SWIFT_EMIT_LOC_STRINGS = NO;
				SWIFT_VERSION = 5.0;
				TARGETED_DEVICE_FAMILY = "1,2";
				TEST_HOST = "$(BUILT_PRODUCTS_DIR)/HelloRedux.app/$(BUNDLE_EXECUTABLE_FOLDER_PATH)/HelloRedux";
			};
			name = Release;
		};
		BF11EF5A2C57658900CF5E88 /* Debug */ = {
			isa = XCBuildConfiguration;
			buildSettings = {
				CODE_SIGN_STYLE = Automatic;
				CURRENT_PROJECT_VERSION = 1;
				GENERATE_INFOPLIST_FILE = YES;
				MARKETING_VERSION = 1.0;
				PRODUCT_BUNDLE_IDENTIFIER = YuanCao.HelloReduxUITests;
				PRODUCT_NAME = "$(TARGET_NAME)";
				SWIFT_EMIT_LOC_STRINGS = NO;
				SWIFT_VERSION = 5.0;
				TARGETED_DEVICE_FAMILY = "1,2";
				TEST_TARGET_NAME = HelloRedux;
			};
			name = Debug;
		};
		BF11EF5B2C57658900CF5E88 /* Release */ = {
			isa = XCBuildConfiguration;
			buildSettings = {
				CODE_SIGN_STYLE = Automatic;
				CURRENT_PROJECT_VERSION = 1;
				GENERATE_INFOPLIST_FILE = YES;
				MARKETING_VERSION = 1.0;
				PRODUCT_BUNDLE_IDENTIFIER = YuanCao.HelloReduxUITests;
				PRODUCT_NAME = "$(TARGET_NAME)";
				SWIFT_EMIT_LOC_STRINGS = NO;
				SWIFT_VERSION = 5.0;
				TARGETED_DEVICE_FAMILY = "1,2";
				TEST_TARGET_NAME = HelloRedux;
			};
			name = Release;
		};
/* End XCBuildConfiguration section */

/* Begin XCConfigurationList section */
		BF11EF2A2C57658800CF5E88 /* Build configuration list for PBXProject "HelloRedux" */ = {
			isa = XCConfigurationList;
			buildConfigurations = (
				BF11EF512C57658900CF5E88 /* Debug */,
				BF11EF522C57658900CF5E88 /* Release */,
			);
			defaultConfigurationIsVisible = 0;
			defaultConfigurationName = Release;
		};
		BF11EF532C57658900CF5E88 /* Build configuration list for PBXNativeTarget "HelloRedux" */ = {
			isa = XCConfigurationList;
			buildConfigurations = (
				BF11EF542C57658900CF5E88 /* Debug */,
				BF11EF552C57658900CF5E88 /* Release */,
			);
			defaultConfigurationIsVisible = 0;
			defaultConfigurationName = Release;
		};
		BF11EF562C57658900CF5E88 /* Build configuration list for PBXNativeTarget "HelloReduxTests" */ = {
			isa = XCConfigurationList;
			buildConfigurations = (
				BF11EF572C57658900CF5E88 /* Debug */,
				BF11EF582C57658900CF5E88 /* Release */,
			);
			defaultConfigurationIsVisible = 0;
			defaultConfigurationName = Release;
		};
		BF11EF592C57658900CF5E88 /* Build configuration list for PBXNativeTarget "HelloReduxUITests" */ = {
			isa = XCConfigurationList;
			buildConfigurations = (
				BF11EF5A2C57658900CF5E88 /* Debug */,
				BF11EF5B2C57658900CF5E88 /* Release */,
			);
			defaultConfigurationIsVisible = 0;
			defaultConfigurationName = Release;
		};
/* End XCConfigurationList section */
	};
	rootObject = BF11EF272C57658800CF5E88 /* Project object */;
}
